
Microsoft Visual Studio Solution File, Format Version 12.00
# Visual Studio Version 16
VisualStudioVersion = 16.0.30309.148
MinimumVisualStudioVersion = 10.0.40219.1
Project("{FAE04EC0-301F-11D3-BF4B-00C04F79EFBC}") = "AlertDemo", "AlertDemo\AlertDemo.csproj", "{C64683A0-9F30-440E-8774-12E4924C49DC}"
EndProject
Project("{FAE04EC0-301F-11D3-BF4B-00C04F79EFBC}") = "AlertLib", "AlertLib\AlertLib.csproj", "{1DDACD17-D0BE-45F0-B105-4F0117F23978}"
EndProject
Global
	GlobalSection(SolutionConfigurationPlatforms) = preSolution
		Debug|Any CPU = Debug|Any CPU
		Release|Any CPU = Release|Any CPU
	EndGlobalSection
	GlobalSection(ProjectConfigurationPlatforms) = postSolution
		{C64683A0-9F30-440E-8774-12E4924C49DC}.Debug|Any CPU.ActiveCfg = Debug|Any CPU
		{C64683A0-9F30-440E-8774-12E4924C49DC}.Debug|Any CPU.Build.0 = Debug|Any CPU
		{C64683A0-9F30-440E-8774-12E4924C49DC}.Release|Any CPU.ActiveCfg = Release|Any CPU
		{C64683A0-9F30-440E-8774-12E4924C49DC}.Release|Any CPU.Build.0 = Release|Any CPU
		{1DDACD17-D0BE-45F0-B105-4F0117F23978}.Debug|Any CPU.ActiveCfg = Debug|Any CPU
		{1DDACD17-D0BE-45F0-B105-4F0117F23978}.Debug|Any CPU.Build.0 = Debug|Any CPU
		{1DDACD17-D0BE-45F0-B105-4F0117F23978}.Release|Any CPU.ActiveCfg = Release|Any CPU
		{1DDACD17-D0BE-45F0-B105-4F0117F23978}.Release|Any CPU.Build.0 = Release|Any CPU
	EndGlobalSection
	GlobalSection(SolutionProperties) = preSolution
		HideSolutionNode = FALSE
	EndGlobalSection
	GlobalSection(ExtensibilityGlobals) = postSolution
		SolutionGuid = {1E44DEDB-0F1A-4646-8B40-7968C2FB9DF4}
	EndGlobalSection
EndGlobal
